
Microsoft Visual Studio Solution File, Format Version 12.00
# Visual Studio 14
VisualStudioVersion = 14.0.25420.1
MinimumVisualStudioVersion = 10.0.40219.1
Project("{FAE04EC0-301F-11D3-BF4B-00C04F79EFBC}") = "Korean TV", "Korean TV\Korean TV.csproj", "{235DF087-43BB-40C6-AAD0-6DE7FBB80CD4}"
EndProject
Project("{FAE04EC0-301F-11D3-BF4B-00C04F79EFBC}") = "Media Rename", "Media Rename\Media Rename.csproj", "{527EE0B8-49BD-4E4C-8794-746CBF139341}"
EndProject
Global
	GlobalSection(SolutionConfigurationPlatforms) = preSolution
		Debug|Any CPU = Debug|Any CPU
		Development|Any CPU = Development|Any CPU
		Release|Any CPU = Release|Any CPU
	EndGlobalSection
	GlobalSection(ProjectConfigurationPlatforms) = postSolution
		{235DF087-43BB-40C6-AAD0-6DE7FBB80CD4}.Debug|Any CPU.ActiveCfg = Debug|Any CPU
		{235DF087-43BB-40C6-AAD0-6DE7FBB80CD4}.Debug|Any CPU.Build.0 = Debug|Any CPU
		{235DF087-43BB-40C6-AAD0-6DE7FBB80CD4}.Development|Any CPU.ActiveCfg = Debug|Any CPU
		{235DF087-43BB-40C6-AAD0-6DE7FBB80CD4}.Development|Any CPU.Build.0 = Debug|Any CPU
		{235DF087-43BB-40C6-AAD0-6DE7FBB80CD4}.Release|Any CPU.ActiveCfg = Release|Any CPU
		{235DF087-43BB-40C6-AAD0-6DE7FBB80CD4}.Release|Any CPU.Build.0 = Release|Any CPU
		{527EE0B8-49BD-4E4C-8794-746CBF139341}.Debug|Any CPU.ActiveCfg = Debug|Any CPU
		{527EE0B8-49BD-4E4C-8794-746CBF139341}.Debug|Any CPU.Build.0 = Debug|Any CPU
		{527EE0B8-49BD-4E4C-8794-746CBF139341}.Development|Any CPU.ActiveCfg = Debug|Any CPU
		{527EE0B8-49BD-4E4C-8794-746CBF139341}.Development|Any CPU.Build.0 = Debug|Any CPU
		{527EE0B8-49BD-4E4C-8794-746CBF139341}.Release|Any CPU.ActiveCfg = Release|Any CPU
		{527EE0B8-49BD-4E4C-8794-746CBF139341}.Release|Any CPU.Build.0 = Release|Any CPU
	EndGlobalSection
	GlobalSection(SolutionProperties) = preSolution
		HideSolutionNode = FALSE
	EndGlobalSection
EndGlobal
